<?xml version="1.0" encoding="utf-8"?>
<Project ToolsVersion="16.0" xmlns="http://schemas.microsoft.com/developer/msbuild/2003">
  <ItemGroup>
    <CustomBuild Include="N:\Development\Dev_Base\lerc-4.0.0\msvc\CMakeFiles\2ccc687f631fe0b5df7259b5f8007b77\INSTALL_force.rule">
      <Filter>CMake Rules</Filter>
    </CustomBuild>
  </ItemGroup>
  <ItemGroup>
    <Filter Include="CMake Rules">
      <UniqueIdentifier>{35B95380-1B0D-3E50-B124-AD6D888D14DF}</UniqueIdentifier>
    </Filter>
  </ItemGroup>
</Project>
