<?xml version="1.0" encoding="utf-8"?>
<Project ToolsVersion="16.0" xmlns="http://schemas.microsoft.com/developer/msbuild/2003">
  <ItemGroup>
    <ClCompile Include="..\src\LercLib\BitMask.cpp">
      <Filter>Source Files</Filter>
    </ClCompile>
    <ClCompile Include="..\src\LercLib\BitStuffer2.cpp">
      <Filter>Source Files</Filter>
    </ClCompile>
    <ClCompile Include="..\src\LercLib\Huffman.cpp">
      <Filter>Source Files</Filter>
    </ClCompile>
    <ClCompile Include="..\src\LercLib\Lerc.cpp">
      <Filter>Source Files</Filter>
    </ClCompile>
    <ClCompile Include="..\src\LercLib\Lerc1Decode\BitStuffer.cpp">
      <Filter>Source Files</Filter>
    </ClCompile>
    <ClCompile Include="..\src\LercLib\Lerc1Decode\CntZImage.cpp">
      <Filter>Source Files</Filter>
    </ClCompile>
    <ClCompile Include="..\src\LercLib\Lerc2.cpp">
      <Filter>Source Files</Filter>
    </ClCompile>
    <ClCompile Include="..\src\LercLib\Lerc_c_api_impl.cpp">
      <Filter>Source Files</Filter>
    </ClCompile>
    <ClCompile Include="..\src\LercLib\RLE.cpp">
      <Filter>Source Files</Filter>
    </ClCompile>
    <ClCompile Include="..\src\LercLib\fpl_Compression.cpp">
      <Filter>Source Files</Filter>
    </ClCompile>
    <ClCompile Include="..\src\LercLib\fpl_EsriHuffman.cpp">
      <Filter>Source Files</Filter>
    </ClCompile>
    <ClCompile Include="..\src\LercLib\fpl_Lerc2Ext.cpp">
      <Filter>Source Files</Filter>
    </ClCompile>
    <ClCompile Include="..\src\LercLib\fpl_Predictor.cpp">
      <Filter>Source Files</Filter>
    </ClCompile>
    <ClCompile Include="..\src\LercLib\fpl_UnitTypes.cpp">
      <Filter>Source Files</Filter>
    </ClCompile>
  </ItemGroup>
  <ItemGroup>
    <ClInclude Include="..\src\LercLib\BitMask.h">
      <Filter>Header Files</Filter>
    </ClInclude>
    <ClInclude Include="..\src\LercLib\BitStuffer2.h">
      <Filter>Header Files</Filter>
    </ClInclude>
    <ClInclude Include="..\src\LercLib\Defines.h">
      <Filter>Header Files</Filter>
    </ClInclude>
    <ClInclude Include="..\src\LercLib\Huffman.h">
      <Filter>Header Files</Filter>
    </ClInclude>
    <ClInclude Include="..\src\LercLib\Lerc.h">
      <Filter>Header Files</Filter>
    </ClInclude>
    <ClInclude Include="..\src\LercLib\Lerc1Decode\BitStuffer.h">
      <Filter>Header Files</Filter>
    </ClInclude>
    <ClInclude Include="..\src\LercLib\Lerc1Decode\CntZImage.h">
      <Filter>Header Files</Filter>
    </ClInclude>
    <ClInclude Include="..\src\LercLib\Lerc1Decode\Image.h">
      <Filter>Header Files</Filter>
    </ClInclude>
    <ClInclude Include="..\src\LercLib\Lerc1Decode\TImage.hpp">
      <Filter>Header Files</Filter>
    </ClInclude>
    <ClInclude Include="..\src\LercLib\Lerc2.h">
      <Filter>Header Files</Filter>
    </ClInclude>
    <ClInclude Include="..\src\LercLib\RLE.h">
      <Filter>Header Files</Filter>
    </ClInclude>
    <ClInclude Include="..\src\LercLib\fpl_Compression.h">
      <Filter>Header Files</Filter>
    </ClInclude>
    <ClInclude Include="..\src\LercLib\fpl_EsriHuffman.h">
      <Filter>Header Files</Filter>
    </ClInclude>
    <ClInclude Include="..\src\LercLib\fpl_Lerc2Ext.h">
      <Filter>Header Files</Filter>
    </ClInclude>
    <ClInclude Include="..\src\LercLib\fpl_Predictor.h">
      <Filter>Header Files</Filter>
    </ClInclude>
    <ClInclude Include="..\src\LercLib\fpl_UnitTypes.h">
      <Filter>Header Files</Filter>
    </ClInclude>
    <ClInclude Include="..\src\LercLib\include\Lerc_c_api.h">
      <Filter>Header Files</Filter>
    </ClInclude>
    <ClInclude Include="..\src\LercLib\include\Lerc_types.h">
      <Filter>Header Files</Filter>
    </ClInclude>
  </ItemGroup>
  <ItemGroup>
    <None Include="..\src\LercLib\Lerc1Decode" />
    <None Include="..\src\LercLib\include" />
  </ItemGroup>
  <ItemGroup>
    <Filter Include="Header Files">
      <UniqueIdentifier>{FC697438-7D41-3F50-8D65-BC60B33EFC67}</UniqueIdentifier>
    </Filter>
    <Filter Include="Source Files">
      <UniqueIdentifier>{267E738D-780A-3ACF-B869-EE39669C89BB}</UniqueIdentifier>
    </Filter>
  </ItemGroup>
</Project>